# This file is automatically @generated by Cargo.
# It is not intended for manual editing.
version = 4

[[package]]
name = "brief-ast"
version = "0.1.0"
dependencies = [
 "brief-diagnostic",
]

[[package]]
name = "brief-bytecode"
version = "0.1.0"

[[package]]
name = "brief-cli"
version = "0.1.0"

[[package]]
name = "brief-diagnostic"
version = "0.1.0"

[[package]]
name = "brief-lexer"
version = "0.1.0"
dependencies = [
 "brief-diagnostic",
]

[[package]]
name = "brief-parser"
version = "0.1.0"

[[package]]
name = "brief-runtime"
version = "0.1.0"

[[package]]
name = "brief-vm"
version = "0.1.0"
